
Microsoft Visual Studio Solution File, Format Version 12.00
# Visual Studio 15
VisualStudioVersion = 15.0.28307.1831
MinimumVisualStudioVersion = 10.0.40219.1
Project("{FAE04EC0-301F-11D3-BF4B-00C04F79EFBC}") = "HelloSoftUni", "HelloSoftUni\HelloSoftUni.csproj", "{A13EA950-03DE-4649-AB44-CD8D03D8DF1E}"
EndProject
Project("{FAE04EC0-301F-11D3-BF4B-00C04F79EFBC}") = "NumsToTen", "NumsToTen\NumsToTen.csproj", "{320AEE43-75C1-492F-8F79-E81ACBF3A7B4}"
EndProject
Project("{FAE04EC0-301F-11D3-BF4B-00C04F79EFBC}") = "RectangleArea", "RectangleArea\RectangleArea.csproj", "{B853F6B4-2FDE-4335-826F-6BAD2AFB2BB6}"
EndProject
Project("{FAE04EC0-301F-11D3-BF4B-00C04F79EFBC}") = "InchesToCentimeters", "InchesToCentimeters\InchesToCentimeters.csproj", "{6AFDB30D-3169-4738-8137-55AC3A55428A}"
EndProject
Project("{FAE04EC0-301F-11D3-BF4B-00C04F79EFBC}") = "GreetingByName", "GreetingByName\GreetingByName.csproj", "{01716C8A-78B5-4CCF-A778-5D17D4AEA329}"
EndProject
Project("{FAE04EC0-301F-11D3-BF4B-00C04F79EFBC}") = "ConcatenateData", "ConcatenateData\ConcatenateData.csproj", "{5084B3A1-D8A6-43C4-A55D-6790B386F30D}"
EndProject
Project("{FAE04EC0-301F-11D3-BF4B-00C04F79EFBC}") = "ProjectsCreation", "ProjectsCreation\ProjectsCreation.csproj", "{5D26F846-6875-42B6-87A0-A59E1459C538}"
EndProject
Project("{FAE04EC0-301F-11D3-BF4B-00C04F79EFBC}") = "PetShop", "PetShop\PetShop.csproj", "{1C31BB98-4990-4174-A920-A639A919848B}"
EndProject
Project("{FAE04EC0-301F-11D3-BF4B-00C04F79EFBC}") = "YardGreening", "YardGreening\YardGreening.csproj", "{5520245A-BEBC-485F-9E2B-B0E08DCBA101}"
EndProject
Global
	GlobalSection(SolutionConfigurationPlatforms) = preSolution
		Debug|Any CPU = Debug|Any CPU
		Release|Any CPU = Release|Any CPU
	EndGlobalSection
	GlobalSection(ProjectConfigurationPlatforms) = postSolution
		{A13EA950-03DE-4649-AB44-CD8D03D8DF1E}.Debug|Any CPU.ActiveCfg = Debug|Any CPU
		{A13EA950-03DE-4649-AB44-CD8D03D8DF1E}.Debug|Any CPU.Build.0 = Debug|Any CPU
		{A13EA950-03DE-4649-AB44-CD8D03D8DF1E}.Release|Any CPU.ActiveCfg = Release|Any CPU
		{A13EA950-03DE-4649-AB44-CD8D03D8DF1E}.Release|Any CPU.Build.0 = Release|Any CPU
		{320AEE43-75C1-492F-8F79-E81ACBF3A7B4}.Debug|Any CPU.ActiveCfg = Debug|Any CPU
		{320AEE43-75C1-492F-8F79-E81ACBF3A7B4}.Debug|Any CPU.Build.0 = Debug|Any CPU
		{320AEE43-75C1-492F-8F79-E81ACBF3A7B4}.Release|Any CPU.ActiveCfg = Release|Any CPU
		{320AEE43-75C1-492F-8F79-E81ACBF3A7B4}.Release|Any CPU.Build.0 = Release|Any CPU
		{B853F6B4-2FDE-4335-826F-6BAD2AFB2BB6}.Debug|Any CPU.ActiveCfg = Debug|Any CPU
		{B853F6B4-2FDE-4335-826F-6BAD2AFB2BB6}.Debug|Any CPU.Build.0 = Debug|Any CPU
		{B853F6B4-2FDE-4335-826F-6BAD2AFB2BB6}.Release|Any CPU.ActiveCfg = Release|Any CPU
		{B853F6B4-2FDE-4335-826F-6BAD2AFB2BB6}.Release|Any CPU.Build.0 = Release|Any CPU
		{6AFDB30D-3169-4738-8137-55AC3A55428A}.Debug|Any CPU.ActiveCfg = Debug|Any CPU
		{6AFDB30D-3169-4738-8137-55AC3A55428A}.Debug|Any CPU.Build.0 = Debug|Any CPU
		{6AFDB30D-3169-4738-8137-55AC3A55428A}.Release|Any CPU.ActiveCfg = Release|Any CPU
		{6AFDB30D-3169-4738-8137-55AC3A55428A}.Release|Any CPU.Build.0 = Release|Any CPU
		{01716C8A-78B5-4CCF-A778-5D17D4AEA329}.Debug|Any CPU.ActiveCfg = Debug|Any CPU
		{01716C8A-78B5-4CCF-A778-5D17D4AEA329}.Debug|Any CPU.Build.0 = Debug|Any CPU
		{01716C8A-78B5-4CCF-A778-5D17D4AEA329}.Release|Any CPU.ActiveCfg = Release|Any CPU
		{01716C8A-78B5-4CCF-A778-5D17D4AEA329}.Release|Any CPU.Build.0 = Release|Any CPU
		{5084B3A1-D8A6-43C4-A55D-6790B386F30D}.Debug|Any CPU.ActiveCfg = Debug|Any CPU
		{5084B3A1-D8A6-43C4-A55D-6790B386F30D}.Debug|Any CPU.Build.0 = Debug|Any CPU
		{5084B3A1-D8A6-43C4-A55D-6790B386F30D}.Release|Any CPU.ActiveCfg = Release|Any CPU
		{5084B3A1-D8A6-43C4-A55D-6790B386F30D}.Release|Any CPU.Build.0 = Release|Any CPU
		{5D26F846-6875-42B6-87A0-A59E1459C538}.Debug|Any CPU.ActiveCfg = Debug|Any CPU
		{5D26F846-6875-42B6-87A0-A59E1459C538}.Debug|Any CPU.Build.0 = Debug|Any CPU
		{5D26F846-6875-42B6-87A0-A59E1459C538}.Release|Any CPU.ActiveCfg = Release|Any CPU
		{5D26F846-6875-42B6-87A0-A59E1459C538}.Release|Any CPU.Build.0 = Release|Any CPU
		{1C31BB98-4990-4174-A920-A639A919848B}.Debug|Any CPU.ActiveCfg = Debug|Any CPU
		{1C31BB98-4990-4174-A920-A639A919848B}.Debug|Any CPU.Build.0 = Debug|Any CPU
		{1C31BB98-4990-4174-A920-A639A919848B}.Release|Any CPU.ActiveCfg = Release|Any CPU
		{1C31BB98-4990-4174-A920-A639A919848B}.Release|Any CPU.Build.0 = Release|Any CPU
		{5520245A-BEBC-485F-9E2B-B0E08DCBA101}.Debug|Any CPU.ActiveCfg = Debug|Any CPU
		{5520245A-BEBC-485F-9E2B-B0E08DCBA101}.Debug|Any CPU.Build.0 = Debug|Any CPU
		{5520245A-BEBC-485F-9E2B-B0E08DCBA101}.Release|Any CPU.ActiveCfg = Release|Any CPU
		{5520245A-BEBC-485F-9E2B-B0E08DCBA101}.Release|Any CPU.Build.0 = Release|Any CPU
	EndGlobalSection
	GlobalSection(SolutionProperties) = preSolution
		HideSolutionNode = FALSE
	EndGlobalSection
	GlobalSection(ExtensibilityGlobals) = postSolution
		SolutionGuid = {117DA67A-7724-4677-93EE-3F8A09089BDC}
	EndGlobalSection
EndGlobal
