
Microsoft Visual Studio Solution File, Format Version 12.00
# Visual Studio 15
VisualStudioVersion = 15.0.28307.1831
MinimumVisualStudioVersion = 10.0.40219.1
Project("{FAE04EC0-301F-11D3-BF4B-00C04F79EFBC}") = "BirthdayParty", "BirthdayParty\BirthdayParty.csproj", "{A17CD28A-9D7C-4931-96C4-917D22F1BD3B}"
EndProject
Project("{FAE04EC0-301F-11D3-BF4B-00C04F79EFBC}") = "ChangeBureau", "ChangeBureau\ChangeBureau.csproj", "{963DC937-E4CE-4B01-8375-CFADA87C28E7}"
EndProject
Project("{FAE04EC0-301F-11D3-BF4B-00C04F79EFBC}") = "CatWalking", "CatWalking\CatWalking.csproj", "{DE53912D-E3C5-4F6A-B8EF-D55C5B86C8F2}"
EndProject
Project("{FAE04EC0-301F-11D3-BF4B-00C04F79EFBC}") = "MountainRun", "MountainRun\MountainRun.csproj", "{2CF20794-A0C9-47A5-9E93-A20D102BC3D6}"
EndProject
Global
	GlobalSection(SolutionConfigurationPlatforms) = preSolution
		Debug|Any CPU = Debug|Any CPU
		Release|Any CPU = Release|Any CPU
	EndGlobalSection
	GlobalSection(ProjectConfigurationPlatforms) = postSolution
		{A17CD28A-9D7C-4931-96C4-917D22F1BD3B}.Debug|Any CPU.ActiveCfg = Debug|Any CPU
		{A17CD28A-9D7C-4931-96C4-917D22F1BD3B}.Debug|Any CPU.Build.0 = Debug|Any CPU
		{A17CD28A-9D7C-4931-96C4-917D22F1BD3B}.Release|Any CPU.ActiveCfg = Release|Any CPU
		{A17CD28A-9D7C-4931-96C4-917D22F1BD3B}.Release|Any CPU.Build.0 = Release|Any CPU
		{963DC937-E4CE-4B01-8375-CFADA87C28E7}.Debug|Any CPU.ActiveCfg = Debug|Any CPU
		{963DC937-E4CE-4B01-8375-CFADA87C28E7}.Debug|Any CPU.Build.0 = Debug|Any CPU
		{963DC937-E4CE-4B01-8375-CFADA87C28E7}.Release|Any CPU.ActiveCfg = Release|Any CPU
		{963DC937-E4CE-4B01-8375-CFADA87C28E7}.Release|Any CPU.Build.0 = Release|Any CPU
		{DE53912D-E3C5-4F6A-B8EF-D55C5B86C8F2}.Debug|Any CPU.ActiveCfg = Debug|Any CPU
		{DE53912D-E3C5-4F6A-B8EF-D55C5B86C8F2}.Debug|Any CPU.Build.0 = Debug|Any CPU
		{DE53912D-E3C5-4F6A-B8EF-D55C5B86C8F2}.Release|Any CPU.ActiveCfg = Release|Any CPU
		{DE53912D-E3C5-4F6A-B8EF-D55C5B86C8F2}.Release|Any CPU.Build.0 = Release|Any CPU
		{2CF20794-A0C9-47A5-9E93-A20D102BC3D6}.Debug|Any CPU.ActiveCfg = Debug|Any CPU
		{2CF20794-A0C9-47A5-9E93-A20D102BC3D6}.Debug|Any CPU.Build.0 = Debug|Any CPU
		{2CF20794-A0C9-47A5-9E93-A20D102BC3D6}.Release|Any CPU.ActiveCfg = Release|Any CPU
		{2CF20794-A0C9-47A5-9E93-A20D102BC3D6}.Release|Any CPU.Build.0 = Release|Any CPU
	EndGlobalSection
	GlobalSection(SolutionProperties) = preSolution
		HideSolutionNode = FALSE
	EndGlobalSection
	GlobalSection(ExtensibilityGlobals) = postSolution
		SolutionGuid = {E32ADB91-7790-47E1-8040-4A64B50F2768}
	EndGlobalSection
EndGlobal
