
Microsoft Visual Studio Solution File, Format Version 12.00
# Visual Studio 15
VisualStudioVersion = 15.0.28307.1831
MinimumVisualStudioVersion = 10.0.40219.1
Project("{FAE04EC0-301F-11D3-BF4B-00C04F79EFBC}") = "BirthdayParty", "BirthdayParty\BirthdayParty.csproj", "{A17CD28A-9D7C-4931-96C4-917D22F1BD3B}"
EndProject
Project("{FAE04EC0-301F-11D3-BF4B-00C04F79EFBC}") = "ChangeBureau", "ChangeBureau\ChangeBureau.csproj", "{963DC937-E4CE-4B01-8375-CFADA87C28E7}"
EndProject
Project("{FAE04EC0-301F-11D3-BF4B-00C04F79EFBC}") = "CatWalking", "CatWalking\CatWalking.csproj", "{DE53912D-E3C5-4F6A-B8EF-D55C5B86C8F2}"
EndProject
Project("{FAE04EC0-301F-11D3-BF4B-00C04F79EFBC}") = "MountainRun", "MountainRun\MountainRun.csproj", "{2CF20794-A0C9-47A5-9E93-A20D102BC3D6}"
EndProject
Project("{FAE04EC0-301F-11D3-BF4B-00C04F79EFBC}") = "EnergyBooster", "EnergyBooster\EnergyBooster.csproj", "{0C3AEC5E-AAB2-4857-9DE1-73C740984FD3}"
EndProject
Project("{FAE04EC0-301F-11D3-BF4B-00C04F79EFBC}") = "FitnessCard", "FitnessCard\FitnessCard.csproj", "{E9E076FD-6ECF-4CAC-B6FD-12E132DE66A1}"
EndProject
Project("{FAE04EC0-301F-11D3-BF4B-00C04F79EFBC}") = "FoodForPets", "FoodForPets\FoodForPets.csproj", "{35AF7A4C-95A9-4F24-B2C5-577593521907}"
EndProject
Project("{FAE04EC0-301F-11D3-BF4B-00C04F79EFBC}") = "TrekkingMania", "TrekkingMania\TrekkingMania.csproj", "{36E5C2B6-DBA3-4683-9E83-B3D3FF00D1B2}"
EndProject
Project("{FAE04EC0-301F-11D3-BF4B-00C04F79EFBC}") = "CareOfPuppy", "CareOfPuppy\CareOfPuppy.csproj", "{49F2F141-7684-41D4-9524-36E9B821FCB4}"
EndProject
Project("{FAE04EC0-301F-11D3-BF4B-00C04F79EFBC}") = "SuitcasesLoad", "SuitcasesLoad\SuitcasesLoad.csproj", "{C10340A6-F2BD-4162-A782-F5D1C4BB79B4}"
EndProject
Global
	GlobalSection(SolutionConfigurationPlatforms) = preSolution
		Debug|Any CPU = Debug|Any CPU
		Release|Any CPU = Release|Any CPU
	EndGlobalSection
	GlobalSection(ProjectConfigurationPlatforms) = postSolution
		{A17CD28A-9D7C-4931-96C4-917D22F1BD3B}.Debug|Any CPU.ActiveCfg = Debug|Any CPU
		{A17CD28A-9D7C-4931-96C4-917D22F1BD3B}.Debug|Any CPU.Build.0 = Debug|Any CPU
		{A17CD28A-9D7C-4931-96C4-917D22F1BD3B}.Release|Any CPU.ActiveCfg = Release|Any CPU
		{A17CD28A-9D7C-4931-96C4-917D22F1BD3B}.Release|Any CPU.Build.0 = Release|Any CPU
		{963DC937-E4CE-4B01-8375-CFADA87C28E7}.Debug|Any CPU.ActiveCfg = Debug|Any CPU
		{963DC937-E4CE-4B01-8375-CFADA87C28E7}.Debug|Any CPU.Build.0 = Debug|Any CPU
		{963DC937-E4CE-4B01-8375-CFADA87C28E7}.Release|Any CPU.ActiveCfg = Release|Any CPU
		{963DC937-E4CE-4B01-8375-CFADA87C28E7}.Release|Any CPU.Build.0 = Release|Any CPU
		{DE53912D-E3C5-4F6A-B8EF-D55C5B86C8F2}.Debug|Any CPU.ActiveCfg = Debug|Any CPU
		{DE53912D-E3C5-4F6A-B8EF-D55C5B86C8F2}.Debug|Any CPU.Build.0 = Debug|Any CPU
		{DE53912D-E3C5-4F6A-B8EF-D55C5B86C8F2}.Release|Any CPU.ActiveCfg = Release|Any CPU
		{DE53912D-E3C5-4F6A-B8EF-D55C5B86C8F2}.Release|Any CPU.Build.0 = Release|Any CPU
		{2CF20794-A0C9-47A5-9E93-A20D102BC3D6}.Debug|Any CPU.ActiveCfg = Debug|Any CPU
		{2CF20794-A0C9-47A5-9E93-A20D102BC3D6}.Debug|Any CPU.Build.0 = Debug|Any CPU
		{2CF20794-A0C9-47A5-9E93-A20D102BC3D6}.Release|Any CPU.ActiveCfg = Release|Any CPU
		{2CF20794-A0C9-47A5-9E93-A20D102BC3D6}.Release|Any CPU.Build.0 = Release|Any CPU
		{0C3AEC5E-AAB2-4857-9DE1-73C740984FD3}.Debug|Any CPU.ActiveCfg = Debug|Any CPU
		{0C3AEC5E-AAB2-4857-9DE1-73C740984FD3}.Debug|Any CPU.Build.0 = Debug|Any CPU
		{0C3AEC5E-AAB2-4857-9DE1-73C740984FD3}.Release|Any CPU.ActiveCfg = Release|Any CPU
		{0C3AEC5E-AAB2-4857-9DE1-73C740984FD3}.Release|Any CPU.Build.0 = Release|Any CPU
		{E9E076FD-6ECF-4CAC-B6FD-12E132DE66A1}.Debug|Any CPU.ActiveCfg = Debug|Any CPU
		{E9E076FD-6ECF-4CAC-B6FD-12E132DE66A1}.Debug|Any CPU.Build.0 = Debug|Any CPU
		{E9E076FD-6ECF-4CAC-B6FD-12E132DE66A1}.Release|Any CPU.ActiveCfg = Release|Any CPU
		{E9E076FD-6ECF-4CAC-B6FD-12E132DE66A1}.Release|Any CPU.Build.0 = Release|Any CPU
		{35AF7A4C-95A9-4F24-B2C5-577593521907}.Debug|Any CPU.ActiveCfg = Debug|Any CPU
		{35AF7A4C-95A9-4F24-B2C5-577593521907}.Debug|Any CPU.Build.0 = Debug|Any CPU
		{35AF7A4C-95A9-4F24-B2C5-577593521907}.Release|Any CPU.ActiveCfg = Release|Any CPU
		{35AF7A4C-95A9-4F24-B2C5-577593521907}.Release|Any CPU.Build.0 = Release|Any CPU
		{36E5C2B6-DBA3-4683-9E83-B3D3FF00D1B2}.Debug|Any CPU.ActiveCfg = Debug|Any CPU
		{36E5C2B6-DBA3-4683-9E83-B3D3FF00D1B2}.Debug|Any CPU.Build.0 = Debug|Any CPU
		{36E5C2B6-DBA3-4683-9E83-B3D3FF00D1B2}.Release|Any CPU.ActiveCfg = Release|Any CPU
		{36E5C2B6-DBA3-4683-9E83-B3D3FF00D1B2}.Release|Any CPU.Build.0 = Release|Any CPU
		{49F2F141-7684-41D4-9524-36E9B821FCB4}.Debug|Any CPU.ActiveCfg = Debug|Any CPU
		{49F2F141-7684-41D4-9524-36E9B821FCB4}.Debug|Any CPU.Build.0 = Debug|Any CPU
		{49F2F141-7684-41D4-9524-36E9B821FCB4}.Release|Any CPU.ActiveCfg = Release|Any CPU
		{49F2F141-7684-41D4-9524-36E9B821FCB4}.Release|Any CPU.Build.0 = Release|Any CPU
		{C10340A6-F2BD-4162-A782-F5D1C4BB79B4}.Debug|Any CPU.ActiveCfg = Debug|Any CPU
		{C10340A6-F2BD-4162-A782-F5D1C4BB79B4}.Debug|Any CPU.Build.0 = Debug|Any CPU
		{C10340A6-F2BD-4162-A782-F5D1C4BB79B4}.Release|Any CPU.ActiveCfg = Release|Any CPU
		{C10340A6-F2BD-4162-A782-F5D1C4BB79B4}.Release|Any CPU.Build.0 = Release|Any CPU
	EndGlobalSection
	GlobalSection(SolutionProperties) = preSolution
		HideSolutionNode = FALSE
	EndGlobalSection
	GlobalSection(ExtensibilityGlobals) = postSolution
		SolutionGuid = {E32ADB91-7790-47E1-8040-4A64B50F2768}
	EndGlobalSection
EndGlobal
